
Microsoft Visual Studio Solution File, Format Version 12.00
# Visual Studio Version 16
VisualStudioVersion = 16.0.29806.167
MinimumVisualStudioVersion = 10.0.40219.1
Project("{2150E333-8FDC-42A3-9474-1A3956D46DE8}") = "src", "src", "{640235FC-98A2-4076-AC1A-26EEAD17F750}"
EndProject
Project("{2150E333-8FDC-42A3-9474-1A3956D46DE8}") = "services", "services", "{FA27BECD-5699-4521-830C-FE6705B31BA2}"
EndProject
Project("{2150E333-8FDC-42A3-9474-1A3956D46DE8}") = "web", "web", "{CF7B3FDA-F649-433B-A048-4105868A77CC}"
EndProject
Project("{9A19103F-16F7-4668-BE54-9A1E7A4F7556}") = "EventsApi", "EventsApi\EventsApi.csproj", "{A4228E1F-BB89-439C-9212-0FACBA871B6A}"
EndProject
Project("{E53339B2-1760-4266-BCC7-CA923CBCF16C}") = "docker-compose", "docker-compose.dcproj", "{BB652B4A-93E2-4851-B8B9-C45E4A121B0D}"
EndProject
Global
	GlobalSection(SolutionConfigurationPlatforms) = preSolution
		Debug|Any CPU = Debug|Any CPU
		Release|Any CPU = Release|Any CPU
	EndGlobalSection
	GlobalSection(ProjectConfigurationPlatforms) = postSolution
		{A4228E1F-BB89-439C-9212-0FACBA871B6A}.Debug|Any CPU.ActiveCfg = Debug|Any CPU
		{A4228E1F-BB89-439C-9212-0FACBA871B6A}.Debug|Any CPU.Build.0 = Debug|Any CPU
		{A4228E1F-BB89-439C-9212-0FACBA871B6A}.Release|Any CPU.ActiveCfg = Release|Any CPU
		{A4228E1F-BB89-439C-9212-0FACBA871B6A}.Release|Any CPU.Build.0 = Release|Any CPU
		{BB652B4A-93E2-4851-B8B9-C45E4A121B0D}.Debug|Any CPU.ActiveCfg = Debug|Any CPU
		{BB652B4A-93E2-4851-B8B9-C45E4A121B0D}.Debug|Any CPU.Build.0 = Debug|Any CPU
		{BB652B4A-93E2-4851-B8B9-C45E4A121B0D}.Release|Any CPU.ActiveCfg = Release|Any CPU
		{BB652B4A-93E2-4851-B8B9-C45E4A121B0D}.Release|Any CPU.Build.0 = Release|Any CPU
	EndGlobalSection
	GlobalSection(SolutionProperties) = preSolution
		HideSolutionNode = FALSE
	EndGlobalSection
	GlobalSection(NestedProjects) = preSolution
		{FA27BECD-5699-4521-830C-FE6705B31BA2} = {640235FC-98A2-4076-AC1A-26EEAD17F750}
		{CF7B3FDA-F649-433B-A048-4105868A77CC} = {640235FC-98A2-4076-AC1A-26EEAD17F750}
		{A4228E1F-BB89-439C-9212-0FACBA871B6A} = {FA27BECD-5699-4521-830C-FE6705B31BA2}
	EndGlobalSection
	GlobalSection(ExtensibilityGlobals) = postSolution
		SolutionGuid = {11678A1E-C91D-48F7-A9E2-7434D418A5DD}
	EndGlobalSection
EndGlobal
