Microsoft Visual Studio Solution File, Format Version 12.00
# Visual Studio Version 16
VisualStudioVersion = 16.0.29806.167
MinimumVisualStudioVersion = 10.0.40219.1
Project("{2150E333-8FDC-42A3-9474-1A3956D46DE8}") = "src", "src", "{640235FC-98A2-4076-AC1A-26EEAD17F750}"
EndProject
Project("{2150E333-8FDC-42A3-9474-1A3956D46DE8}") = "services", "services", "{FA27BECD-5699-4521-830C-FE6705B31BA2}"
EndProject
Project("{2150E333-8FDC-42A3-9474-1A3956D46DE8}") = "web", "web", "{CF7B3FDA-F649-433B-A048-4105868A77CC}"
EndProject
Project("{9A19103F-16F7-4668-BE54-9A1E7A4F7556}") = "EventsApi", "EventsApi\EventsApi.csproj", "{A4228E1F-BB89-439C-9212-0FACBA871B6A}"
EndProject
Project("{E53339B2-1760-4266-BCC7-CA923CBCF16C}") = "docker-compose", "docker-compose.dcproj", "{5E997AD0-6BBE-47CB-8BC6-D3AB64BFC9F0}"
EndProject
Project("{9A19103F-16F7-4668-BE54-9A1E7A4F7556}") = "WebMVC", "WebMVC\WebMVC.csproj", "{26BF7702-0330-42A1-8EDB-97230F9130F8}"
EndProject
Project("{9A19103F-16F7-4668-BE54-9A1E7A4F7556}") = "TokenServiceApi", "TokenServiceApi\TokenServiceApi.csproj", "{F2C8FC3A-1319-40F8-AAF2-3926D61B00DF}"
EndProject
Project("{9A19103F-16F7-4668-BE54-9A1E7A4F7556}") = "CartApi", "CartApi\CartApi.csproj", "{7955F215-087D-4EEA-8B5A-6D5136BB5D8A}"
EndProject
Project("{FAE04EC0-301F-11D3-BF4B-00C04F79EFBC}") = "OrderApi", "OrderApi\OrderApi.csproj", "{8CDACD72-26E7-4921-A896-4680DE3FE588}"
EndProject
Global
	GlobalSection(SolutionConfigurationPlatforms) = preSolution
		Debug|Any CPU = Debug|Any CPU
		Release|Any CPU = Release|Any CPU
	EndGlobalSection
	GlobalSection(ProjectConfigurationPlatforms) = postSolution
		{A4228E1F-BB89-439C-9212-0FACBA871B6A}.Debug|Any CPU.ActiveCfg = Debug|Any CPU
		{A4228E1F-BB89-439C-9212-0FACBA871B6A}.Debug|Any CPU.Build.0 = Debug|Any CPU
		{A4228E1F-BB89-439C-9212-0FACBA871B6A}.Release|Any CPU.ActiveCfg = Release|Any CPU
		{A4228E1F-BB89-439C-9212-0FACBA871B6A}.Release|Any CPU.Build.0 = Release|Any CPU
		{5E997AD0-6BBE-47CB-8BC6-D3AB64BFC9F0}.Debug|Any CPU.ActiveCfg = Debug|Any CPU
		{5E997AD0-6BBE-47CB-8BC6-D3AB64BFC9F0}.Debug|Any CPU.Build.0 = Debug|Any CPU
		{5E997AD0-6BBE-47CB-8BC6-D3AB64BFC9F0}.Release|Any CPU.ActiveCfg = Release|Any CPU
		{5E997AD0-6BBE-47CB-8BC6-D3AB64BFC9F0}.Release|Any CPU.Build.0 = Release|Any CPU
		{26BF7702-0330-42A1-8EDB-97230F9130F8}.Debug|Any CPU.ActiveCfg = Debug|Any CPU
		{26BF7702-0330-42A1-8EDB-97230F9130F8}.Debug|Any CPU.Build.0 = Debug|Any CPU
		{26BF7702-0330-42A1-8EDB-97230F9130F8}.Release|Any CPU.ActiveCfg = Release|Any CPU
		{26BF7702-0330-42A1-8EDB-97230F9130F8}.Release|Any CPU.Build.0 = Release|Any CPU
		{F2C8FC3A-1319-40F8-AAF2-3926D61B00DF}.Debug|Any CPU.ActiveCfg = Debug|Any CPU
		{F2C8FC3A-1319-40F8-AAF2-3926D61B00DF}.Debug|Any CPU.Build.0 = Debug|Any CPU
		{F2C8FC3A-1319-40F8-AAF2-3926D61B00DF}.Release|Any CPU.ActiveCfg = Release|Any CPU
		{F2C8FC3A-1319-40F8-AAF2-3926D61B00DF}.Release|Any CPU.Build.0 = Release|Any CPU
		{7955F215-087D-4EEA-8B5A-6D5136BB5D8A}.Debug|Any CPU.ActiveCfg = Debug|Any CPU
		{7955F215-087D-4EEA-8B5A-6D5136BB5D8A}.Debug|Any CPU.Build.0 = Debug|Any CPU
		{7955F215-087D-4EEA-8B5A-6D5136BB5D8A}.Release|Any CPU.ActiveCfg = Release|Any CPU
		{7955F215-087D-4EEA-8B5A-6D5136BB5D8A}.Release|Any CPU.Build.0 = Release|Any CPU
		{8CDACD72-26E7-4921-A896-4680DE3FE588}.Debug|Any CPU.ActiveCfg = Debug|Any CPU
		{8CDACD72-26E7-4921-A896-4680DE3FE588}.Debug|Any CPU.Build.0 = Debug|Any CPU
		{8CDACD72-26E7-4921-A896-4680DE3FE588}.Release|Any CPU.ActiveCfg = Release|Any CPU
		{8CDACD72-26E7-4921-A896-4680DE3FE588}.Release|Any CPU.Build.0 = Release|Any CPU
	EndGlobalSection
	GlobalSection(SolutionProperties) = preSolution
		HideSolutionNode = FALSE
	EndGlobalSection
	GlobalSection(NestedProjects) = preSolution
		{FA27BECD-5699-4521-830C-FE6705B31BA2} = {640235FC-98A2-4076-AC1A-26EEAD17F750}
		{CF7B3FDA-F649-433B-A048-4105868A77CC} = {640235FC-98A2-4076-AC1A-26EEAD17F750}
		{A4228E1F-BB89-439C-9212-0FACBA871B6A} = {FA27BECD-5699-4521-830C-FE6705B31BA2}
		{26BF7702-0330-42A1-8EDB-97230F9130F8} = {CF7B3FDA-F649-433B-A048-4105868A77CC}
		{F2C8FC3A-1319-40F8-AAF2-3926D61B00DF} = {FA27BECD-5699-4521-830C-FE6705B31BA2}
		{7955F215-087D-4EEA-8B5A-6D5136BB5D8A} = {FA27BECD-5699-4521-830C-FE6705B31BA2}
		{8CDACD72-26E7-4921-A896-4680DE3FE588} = {FA27BECD-5699-4521-830C-FE6705B31BA2}
	EndGlobalSection
	GlobalSection(ExtensibilityGlobals) = postSolution
		SolutionGuid = {11678A1E-C91D-48F7-A9E2-7434D418A5DD}
	EndGlobalSection
EndGlobal
